
Microsoft Visual Studio Solution File, Format Version 12.00
# Visual Studio 15
VisualStudioVersion = 15.0.28307.168
MinimumVisualStudioVersion = 10.0.40219.1
Project("{FAE04EC0-301F-11D3-BF4B-00C04F79EFBC}") = "Wassali", "Wassali\Wassali.csproj", "{4F6F0210-0302-4570-BBDD-9B184FFA4506}"
EndProject
Global
	GlobalSection(SolutionConfigurationPlatforms) = preSolution
		Debug|Any CPU = Debug|Any CPU
		Release|Any CPU = Release|Any CPU
	EndGlobalSection
	GlobalSection(ProjectConfigurationPlatforms) = postSolution
		{4F6F0210-0302-4570-BBDD-9B184FFA4506}.Debug|Any CPU.ActiveCfg = Debug|Any CPU
		{4F6F0210-0302-4570-BBDD-9B184FFA4506}.Debug|Any CPU.Build.0 = Debug|Any CPU
		{4F6F0210-0302-4570-BBDD-9B184FFA4506}.Release|Any CPU.ActiveCfg = Release|Any CPU
		{4F6F0210-0302-4570-BBDD-9B184FFA4506}.Release|Any CPU.Build.0 = Release|Any CPU
	EndGlobalSection
	GlobalSection(SolutionProperties) = preSolution
		HideSolutionNode = FALSE
	EndGlobalSection
	GlobalSection(ExtensibilityGlobals) = postSolution
		SolutionGuid = {F75C2F87-0A4F-4BA7-9759-0C9B76561196}
	EndGlobalSection
EndGlobal
